
Microsoft Visual Studio Solution File, Format Version 12.00
# Visual Studio Version 16
VisualStudioVersion = 16.0.29613.14
MinimumVisualStudioVersion = 10.0.40219.1
Project("{FAE04EC0-301F-11D3-BF4B-00C04F79EFBC}") = "BGGConnectorLib", "BGGConnectorLib\BGGConnectorLib.csproj", "{89EB0323-B6BF-4B15-BF56-7182B35CD24B}"
EndProject
Project("{FAE04EC0-301F-11D3-BF4B-00C04F79EFBC}") = "BGGConnector", "BGGConnector\BGGConnector.csproj", "{CD437DC5-E358-42DA-94E8-D7C32FC37A92}"
EndProject
Global
	GlobalSection(SolutionConfigurationPlatforms) = preSolution
		Debug|Any CPU = Debug|Any CPU
		Release|Any CPU = Release|Any CPU
	EndGlobalSection
	GlobalSection(ProjectConfigurationPlatforms) = postSolution
		{89EB0323-B6BF-4B15-BF56-7182B35CD24B}.Debug|Any CPU.ActiveCfg = Debug|Any CPU
		{89EB0323-B6BF-4B15-BF56-7182B35CD24B}.Debug|Any CPU.Build.0 = Debug|Any CPU
		{89EB0323-B6BF-4B15-BF56-7182B35CD24B}.Release|Any CPU.ActiveCfg = Release|Any CPU
		{89EB0323-B6BF-4B15-BF56-7182B35CD24B}.Release|Any CPU.Build.0 = Release|Any CPU
		{CD437DC5-E358-42DA-94E8-D7C32FC37A92}.Debug|Any CPU.ActiveCfg = Debug|Any CPU
		{CD437DC5-E358-42DA-94E8-D7C32FC37A92}.Debug|Any CPU.Build.0 = Debug|Any CPU
		{CD437DC5-E358-42DA-94E8-D7C32FC37A92}.Release|Any CPU.ActiveCfg = Release|Any CPU
		{CD437DC5-E358-42DA-94E8-D7C32FC37A92}.Release|Any CPU.Build.0 = Release|Any CPU
	EndGlobalSection
	GlobalSection(SolutionProperties) = preSolution
		HideSolutionNode = FALSE
	EndGlobalSection
	GlobalSection(ExtensibilityGlobals) = postSolution
		SolutionGuid = {7D337DDA-B519-4682-9005-641FD0072579}
	EndGlobalSection
EndGlobal
